PODS:
  - RxCocoa (4.5.0):
    - RxSwift (>= 4.4.2, ~> 4.4)
  - RxCocoaExtensions (0.1.0):
    - RxCocoa (~> 4.5)
  - RxSwift (4.5.0)

DEPENDENCIES:
  - RxCocoaExtensions (from `../`)

SPEC REPOS:
  https://github.com/cocoapods/specs.git:
    - RxCocoa
    - RxSwift

EXTERNAL SOURCES:
  RxCocoaExtensions:
    :path: "../"

SPEC CHECKSUMS:
  RxCocoa: cbf70265dc65a981d4ac982e513c10cf23df24a0
  RxCocoaExtensions: 8dc7d5cf76bf3fb45817d1ee342cfa1c1af90b0d
  RxSwift: f172070dfd1a93d70a9ab97a5a01166206e1c575

PODFILE CHECKSUM: febb44b4cf2c5aae99b1e16b9f098e4b2abcb71d

COCOAPODS: 1.6.0
